
Microsoft Visual Studio Solution File, Format Version 12.00
# Visual Studio Version 17
VisualStudioVersion = 17.0.31903.59
MinimumVisualStudioVersion = 10.0.40219.1
Project("{2150E333-8FDC-42A3-9474-1A3956D46DE8}") = "src", "src", "{827E0CD3-B72D-47B6-A68D-7590B98EB39B}"
EndProject
Project("{FAE04EC0-301F-11D3-BF4B-00C04F79EFBC}") = "MiProducto.API", "src\MiProducto.API\MiProducto.API.csproj", "{FCEB994B-A7EE-4CA5-8FF1-329878AA96FC}"
EndProject
Project("{FAE04EC0-301F-11D3-BF4B-00C04F79EFBC}") = "MiProducto.Application", "src\MiProducto.Application\MiProducto.Application.csproj", "{2A547653-7A4B-45A3-8324-18796EE032FA}"
EndProject
Project("{FAE04EC0-301F-11D3-BF4B-00C04F79EFBC}") = "MiProducto.Domain", "src\MiProducto.Domain\MiProducto.Domain.csproj", "{B059231F-933F-4798-AB9E-D5FF96B7AC2C}"
EndProject
Project("{FAE04EC0-301F-11D3-BF4B-00C04F79EFBC}") = "MiProducto.Infrastructure", "src\MiProducto.Infrastructure\MiProducto.Infrastructure.csproj", "{1FAC327A-2F54-4B48-9311-A122CFBA1A65}"
EndProject
Project("{2150E333-8FDC-42A3-9474-1A3956D46DE8}") = "tests", "tests", "{0AB3BF05-4346-4AA6-1389-037BE0695223}"
EndProject
Project("{FAE04EC0-301F-11D3-BF4B-00C04F79EFBC}") = "MiProducto.UnitTests", "tests\MiProducto.UnitTests\MiProducto.UnitTests.csproj", "{3DB0C02B-7960-4E8F-88FA-3D91DCA6CAC5}"
EndProject
Global
	GlobalSection(SolutionConfigurationPlatforms) = preSolution
		Debug|Any CPU = Debug|Any CPU
		Debug|x64 = Debug|x64
		Debug|x86 = Debug|x86
		Release|Any CPU = Release|Any CPU
		Release|x64 = Release|x64
		Release|x86 = Release|x86
	EndGlobalSection
	GlobalSection(ProjectConfigurationPlatforms) = postSolution
		{FCEB994B-A7EE-4CA5-8FF1-329878AA96FC}.Debug|Any CPU.ActiveCfg = Debug|Any CPU
		{FCEB994B-A7EE-4CA5-8FF1-329878AA96FC}.Debug|Any CPU.Build.0 = Debug|Any CPU
		{FCEB994B-A7EE-4CA5-8FF1-329878AA96FC}.Debug|x64.ActiveCfg = Debug|Any CPU
		{FCEB994B-A7EE-4CA5-8FF1-329878AA96FC}.Debug|x64.Build.0 = Debug|Any CPU
		{FCEB994B-A7EE-4CA5-8FF1-329878AA96FC}.Debug|x86.ActiveCfg = Debug|Any CPU
		{FCEB994B-A7EE-4CA5-8FF1-329878AA96FC}.Debug|x86.Build.0 = Debug|Any CPU
		{FCEB994B-A7EE-4CA5-8FF1-329878AA96FC}.Release|Any CPU.ActiveCfg = Release|Any CPU
		{FCEB994B-A7EE-4CA5-8FF1-329878AA96FC}.Release|Any CPU.Build.0 = Release|Any CPU
		{FCEB994B-A7EE-4CA5-8FF1-329878AA96FC}.Release|x64.ActiveCfg = Release|Any CPU
		{FCEB994B-A7EE-4CA5-8FF1-329878AA96FC}.Release|x64.Build.0 = Release|Any CPU
		{FCEB994B-A7EE-4CA5-8FF1-329878AA96FC}.Release|x86.ActiveCfg = Release|Any CPU
		{FCEB994B-A7EE-4CA5-8FF1-329878AA96FC}.Release|x86.Build.0 = Release|Any CPU
		{2A547653-7A4B-45A3-8324-18796EE032FA}.Debug|Any CPU.ActiveCfg = Debug|Any CPU
		{2A547653-7A4B-45A3-8324-18796EE032FA}.Debug|Any CPU.Build.0 = Debug|Any CPU
		{2A547653-7A4B-45A3-8324-18796EE032FA}.Debug|x64.ActiveCfg = Debug|Any CPU
		{2A547653-7A4B-45A3-8324-18796EE032FA}.Debug|x64.Build.0 = Debug|Any CPU
		{2A547653-7A4B-45A3-8324-18796EE032FA}.Debug|x86.ActiveCfg = Debug|Any CPU
		{2A547653-7A4B-45A3-8324-18796EE032FA}.Debug|x86.Build.0 = Debug|Any CPU
		{2A547653-7A4B-45A3-8324-18796EE032FA}.Release|Any CPU.ActiveCfg = Release|Any CPU
		{2A547653-7A4B-45A3-8324-18796EE032FA}.Release|Any CPU.Build.0 = Release|Any CPU
		{2A547653-7A4B-45A3-8324-18796EE032FA}.Release|x64.ActiveCfg = Release|Any CPU
		{2A547653-7A4B-45A3-8324-18796EE032FA}.Release|x64.Build.0 = Release|Any CPU
		{2A547653-7A4B-45A3-8324-18796EE032FA}.Release|x86.ActiveCfg = Release|Any CPU
		{2A547653-7A4B-45A3-8324-18796EE032FA}.Release|x86.Build.0 = Release|Any CPU
		{B059231F-933F-4798-AB9E-D5FF96B7AC2C}.Debug|Any CPU.ActiveCfg = Debug|Any CPU
		{B059231F-933F-4798-AB9E-D5FF96B7AC2C}.Debug|Any CPU.Build.0 = Debug|Any CPU
		{B059231F-933F-4798-AB9E-D5FF96B7AC2C}.Debug|x64.ActiveCfg = Debug|Any CPU
		{B059231F-933F-4798-AB9E-D5FF96B7AC2C}.Debug|x64.Build.0 = Debug|Any CPU
		{B059231F-933F-4798-AB9E-D5FF96B7AC2C}.Debug|x86.ActiveCfg = Debug|Any CPU
		{B059231F-933F-4798-AB9E-D5FF96B7AC2C}.Debug|x86.Build.0 = Debug|Any CPU
		{B059231F-933F-4798-AB9E-D5FF96B7AC2C}.Release|Any CPU.ActiveCfg = Release|Any CPU
		{B059231F-933F-4798-AB9E-D5FF96B7AC2C}.Release|Any CPU.Build.0 = Release|Any CPU
		{B059231F-933F-4798-AB9E-D5FF96B7AC2C}.Release|x64.ActiveCfg = Release|Any CPU
		{B059231F-933F-4798-AB9E-D5FF96B7AC2C}.Release|x64.Build.0 = Release|Any CPU
		{B059231F-933F-4798-AB9E-D5FF96B7AC2C}.Release|x86.ActiveCfg = Release|Any CPU
		{B059231F-933F-4798-AB9E-D5FF96B7AC2C}.Release|x86.Build.0 = Release|Any CPU
		{1FAC327A-2F54-4B48-9311-A122CFBA1A65}.Debug|Any CPU.ActiveCfg = Debug|Any CPU
		{1FAC327A-2F54-4B48-9311-A122CFBA1A65}.Debug|Any CPU.Build.0 = Debug|Any CPU
		{1FAC327A-2F54-4B48-9311-A122CFBA1A65}.Debug|x64.ActiveCfg = Debug|Any CPU
		{1FAC327A-2F54-4B48-9311-A122CFBA1A65}.Debug|x64.Build.0 = Debug|Any CPU
		{1FAC327A-2F54-4B48-9311-A122CFBA1A65}.Debug|x86.ActiveCfg = Debug|Any CPU
		{1FAC327A-2F54-4B48-9311-A122CFBA1A65}.Debug|x86.Build.0 = Debug|Any CPU
		{1FAC327A-2F54-4B48-9311-A122CFBA1A65}.Release|Any CPU.ActiveCfg = Release|Any CPU
		{1FAC327A-2F54-4B48-9311-A122CFBA1A65}.Release|Any CPU.Build.0 = Release|Any CPU
		{1FAC327A-2F54-4B48-9311-A122CFBA1A65}.Release|x64.ActiveCfg = Release|Any CPU
		{1FAC327A-2F54-4B48-9311-A122CFBA1A65}.Release|x64.Build.0 = Release|Any CPU
		{1FAC327A-2F54-4B48-9311-A122CFBA1A65}.Release|x86.ActiveCfg = Release|Any CPU
		{1FAC327A-2F54-4B48-9311-A122CFBA1A65}.Release|x86.Build.0 = Release|Any CPU
		{3DB0C02B-7960-4E8F-88FA-3D91DCA6CAC5}.Debug|Any CPU.ActiveCfg = Debug|Any CPU
		{3DB0C02B-7960-4E8F-88FA-3D91DCA6CAC5}.Debug|Any CPU.Build.0 = Debug|Any CPU
		{3DB0C02B-7960-4E8F-88FA-3D91DCA6CAC5}.Debug|x64.ActiveCfg = Debug|Any CPU
		{3DB0C02B-7960-4E8F-88FA-3D91DCA6CAC5}.Debug|x64.Build.0 = Debug|Any CPU
		{3DB0C02B-7960-4E8F-88FA-3D91DCA6CAC5}.Debug|x86.ActiveCfg = Debug|Any CPU
		{3DB0C02B-7960-4E8F-88FA-3D91DCA6CAC5}.Debug|x86.Build.0 = Debug|Any CPU
		{3DB0C02B-7960-4E8F-88FA-3D91DCA6CAC5}.Release|Any CPU.ActiveCfg = Release|Any CPU
		{3DB0C02B-7960-4E8F-88FA-3D91DCA6CAC5}.Release|Any CPU.Build.0 = Release|Any CPU
		{3DB0C02B-7960-4E8F-88FA-3D91DCA6CAC5}.Release|x64.ActiveCfg = Release|Any CPU
		{3DB0C02B-7960-4E8F-88FA-3D91DCA6CAC5}.Release|x64.Build.0 = Release|Any CPU
		{3DB0C02B-7960-4E8F-88FA-3D91DCA6CAC5}.Release|x86.ActiveCfg = Release|Any CPU
		{3DB0C02B-7960-4E8F-88FA-3D91DCA6CAC5}.Release|x86.Build.0 = Release|Any CPU
	EndGlobalSection
	GlobalSection(SolutionProperties) = preSolution
		HideSolutionNode = FALSE
	EndGlobalSection
	GlobalSection(NestedProjects) = preSolution
		{FCEB994B-A7EE-4CA5-8FF1-329878AA96FC} = {827E0CD3-B72D-47B6-A68D-7590B98EB39B}
		{2A547653-7A4B-45A3-8324-18796EE032FA} = {827E0CD3-B72D-47B6-A68D-7590B98EB39B}
		{B059231F-933F-4798-AB9E-D5FF96B7AC2C} = {827E0CD3-B72D-47B6-A68D-7590B98EB39B}
		{1FAC327A-2F54-4B48-9311-A122CFBA1A65} = {827E0CD3-B72D-47B6-A68D-7590B98EB39B}
		{3DB0C02B-7960-4E8F-88FA-3D91DCA6CAC5} = {0AB3BF05-4346-4AA6-1389-037BE0695223}
	EndGlobalSection
EndGlobal
